
Microsoft Visual Studio Solution File, Format Version 12.00
# Visual Studio Version 16
VisualStudioVersion = 16.0.30907.101
MinimumVisualStudioVersion = 10.0.40219.1
Project("{FAE04EC0-301F-11D3-BF4B-00C04F79EFBC}") = "RMDataManager", "RMDataManager\RMDataManager.csproj", "{CC677210-D07A-4895-921E-2DACBE554E99}"
EndProject
Project("{00D1A9C2-B5F0-4AF3-8072-F6C62B433612}") = "RMData", "RMData\RMData.sqlproj", "{84AA37E2-57D2-4A56-9256-4C4C36298343}"
EndProject
Project("{FAE04EC0-301F-11D3-BF4B-00C04F79EFBC}") = "RMWPFPresentation", "RMWPFPresentation\RMWPFPresentation.csproj", "{8FBE6B39-6E2A-4906-8D27-B662E78CEE8D}"
EndProject
Global
	GlobalSection(SolutionConfigurationPlatforms) = preSolution
		Debug|Any CPU = Debug|Any CPU
		Release|Any CPU = Release|Any CPU
	EndGlobalSection
	GlobalSection(ProjectConfigurationPlatforms) = postSolution
		{CC677210-D07A-4895-921E-2DACBE554E99}.Debug|Any CPU.ActiveCfg = Debug|Any CPU
		{CC677210-D07A-4895-921E-2DACBE554E99}.Debug|Any CPU.Build.0 = Debug|Any CPU
		{CC677210-D07A-4895-921E-2DACBE554E99}.Release|Any CPU.ActiveCfg = Release|Any CPU
		{CC677210-D07A-4895-921E-2DACBE554E99}.Release|Any CPU.Build.0 = Release|Any CPU
		{84AA37E2-57D2-4A56-9256-4C4C36298343}.Debug|Any CPU.ActiveCfg = Debug|Any CPU
		{84AA37E2-57D2-4A56-9256-4C4C36298343}.Debug|Any CPU.Build.0 = Debug|Any CPU
		{84AA37E2-57D2-4A56-9256-4C4C36298343}.Debug|Any CPU.Deploy.0 = Debug|Any CPU
		{84AA37E2-57D2-4A56-9256-4C4C36298343}.Release|Any CPU.ActiveCfg = Release|Any CPU
		{84AA37E2-57D2-4A56-9256-4C4C36298343}.Release|Any CPU.Build.0 = Release|Any CPU
		{84AA37E2-57D2-4A56-9256-4C4C36298343}.Release|Any CPU.Deploy.0 = Release|Any CPU
		{8FBE6B39-6E2A-4906-8D27-B662E78CEE8D}.Debug|Any CPU.ActiveCfg = Debug|Any CPU
		{8FBE6B39-6E2A-4906-8D27-B662E78CEE8D}.Debug|Any CPU.Build.0 = Debug|Any CPU
		{8FBE6B39-6E2A-4906-8D27-B662E78CEE8D}.Release|Any CPU.ActiveCfg = Release|Any CPU
		{8FBE6B39-6E2A-4906-8D27-B662E78CEE8D}.Release|Any CPU.Build.0 = Release|Any CPU
	EndGlobalSection
	GlobalSection(SolutionProperties) = preSolution
		HideSolutionNode = FALSE
	EndGlobalSection
	GlobalSection(ExtensibilityGlobals) = postSolution
		SolutionGuid = {BE96DDA1-E2DF-4C45-9E05-AA355746C596}
	EndGlobalSection
EndGlobal
